
Microsoft Visual Studio Solution File, Format Version 12.00
Project("{FAE04EC0-301F-11D3-BF4B-00C04F79EFBC}") = "HealthCheck4Grpc", "src\HealthCheck4Grpc\HealthCheck4Grpc.csproj", "{F3A468E9-6EEA-4ECA-B908-0E611289183B}"
EndProject
Project("{FAE04EC0-301F-11D3-BF4B-00C04F79EFBC}") = "HealthCheck4Grpc.AspNetCore", "src\HealthCheck4Grpc.AspNetCore\HealthCheck4Grpc.AspNetCore.csproj", "{8609C502-A838-4B1F-AF11-EC1130DE8446}"
EndProject
Project("{2150E333-8FDC-42A3-9474-1A3956D46DE8}") = "src", "src", "{F8B96E68-E237-4073-A76E-8B095579E740}"
EndProject
Project("{2150E333-8FDC-42A3-9474-1A3956D46DE8}") = "example", "example", "{09664DF0-F817-4305-9063-3B2D945EF98D}"
EndProject
Project("{2150E333-8FDC-42A3-9474-1A3956D46DE8}") = "tests", "tests", "{09799911-12BB-4952-BABE-285CB1724662}"
EndProject
Project("{FAE04EC0-301F-11D3-BF4B-00C04F79EFBC}") = "GrpcClient", "example\GrpcClient\GrpcClient.csproj", "{12727475-6C1D-433A-8653-4A94208CCB3E}"
EndProject
Project("{FAE04EC0-301F-11D3-BF4B-00C04F79EFBC}") = "GrpcClient.AspNetCore", "example\GrpcClient.AspNetCore\GrpcClient.AspNetCore.csproj", "{6DFBAAFC-4E68-4CB1-805C-66995BFD7F79}"
EndProject
Project("{FAE04EC0-301F-11D3-BF4B-00C04F79EFBC}") = "GrpcServer.AspNetCore", "example\GrpcServer.AspNetCore\GrpcServer.AspNetCore.csproj", "{CA9C77DB-7DF5-48A9-A67E-7B2E91154DA3}"
EndProject
Global
	GlobalSection(SolutionConfigurationPlatforms) = preSolution
		Debug|Any CPU = Debug|Any CPU
		Release|Any CPU = Release|Any CPU
	EndGlobalSection
	GlobalSection(ProjectConfigurationPlatforms) = postSolution
		{F3A468E9-6EEA-4ECA-B908-0E611289183B}.Debug|Any CPU.ActiveCfg = Debug|Any CPU
		{F3A468E9-6EEA-4ECA-B908-0E611289183B}.Debug|Any CPU.Build.0 = Debug|Any CPU
		{F3A468E9-6EEA-4ECA-B908-0E611289183B}.Release|Any CPU.ActiveCfg = Release|Any CPU
		{F3A468E9-6EEA-4ECA-B908-0E611289183B}.Release|Any CPU.Build.0 = Release|Any CPU
		{8609C502-A838-4B1F-AF11-EC1130DE8446}.Debug|Any CPU.ActiveCfg = Debug|Any CPU
		{8609C502-A838-4B1F-AF11-EC1130DE8446}.Debug|Any CPU.Build.0 = Debug|Any CPU
		{8609C502-A838-4B1F-AF11-EC1130DE8446}.Release|Any CPU.ActiveCfg = Release|Any CPU
		{8609C502-A838-4B1F-AF11-EC1130DE8446}.Release|Any CPU.Build.0 = Release|Any CPU
		{12727475-6C1D-433A-8653-4A94208CCB3E}.Debug|Any CPU.ActiveCfg = Debug|Any CPU
		{12727475-6C1D-433A-8653-4A94208CCB3E}.Debug|Any CPU.Build.0 = Debug|Any CPU
		{12727475-6C1D-433A-8653-4A94208CCB3E}.Release|Any CPU.ActiveCfg = Release|Any CPU
		{12727475-6C1D-433A-8653-4A94208CCB3E}.Release|Any CPU.Build.0 = Release|Any CPU
		{6DFBAAFC-4E68-4CB1-805C-66995BFD7F79}.Debug|Any CPU.ActiveCfg = Debug|Any CPU
		{6DFBAAFC-4E68-4CB1-805C-66995BFD7F79}.Debug|Any CPU.Build.0 = Debug|Any CPU
		{6DFBAAFC-4E68-4CB1-805C-66995BFD7F79}.Release|Any CPU.ActiveCfg = Release|Any CPU
		{6DFBAAFC-4E68-4CB1-805C-66995BFD7F79}.Release|Any CPU.Build.0 = Release|Any CPU
		{CA9C77DB-7DF5-48A9-A67E-7B2E91154DA3}.Debug|Any CPU.ActiveCfg = Debug|Any CPU
		{CA9C77DB-7DF5-48A9-A67E-7B2E91154DA3}.Debug|Any CPU.Build.0 = Debug|Any CPU
		{CA9C77DB-7DF5-48A9-A67E-7B2E91154DA3}.Release|Any CPU.ActiveCfg = Release|Any CPU
		{CA9C77DB-7DF5-48A9-A67E-7B2E91154DA3}.Release|Any CPU.Build.0 = Release|Any CPU
	EndGlobalSection
	GlobalSection(NestedProjects) = preSolution
		{F3A468E9-6EEA-4ECA-B908-0E611289183B} = {F8B96E68-E237-4073-A76E-8B095579E740}
		{8609C502-A838-4B1F-AF11-EC1130DE8446} = {F8B96E68-E237-4073-A76E-8B095579E740}
		{12727475-6C1D-433A-8653-4A94208CCB3E} = {09664DF0-F817-4305-9063-3B2D945EF98D}
		{6DFBAAFC-4E68-4CB1-805C-66995BFD7F79} = {09664DF0-F817-4305-9063-3B2D945EF98D}
		{CA9C77DB-7DF5-48A9-A67E-7B2E91154DA3} = {09664DF0-F817-4305-9063-3B2D945EF98D}
	EndGlobalSection
EndGlobal
